
Microsoft Visual Studio Solution File, Format Version 12.00
# Visual Studio Version 17
VisualStudioVersion = 17.11.35312.102
MinimumVisualStudioVersion = 10.0.40219.1
Project("{FAE04EC0-301F-11D3-BF4B-00C04F79EFBC}") = "GameBib", "GameBib\GameBib.csproj", "{BDE75DBA-ADBA-472D-92CC-964878959067}"
EndProject
Global
	GlobalSection(SolutionConfigurationPlatforms) = preSolution
		Debug|ARM64 = Debug|ARM64
		Debug|x64 = Debug|x64
		Debug|x86 = Debug|x86
		Release|ARM64 = Release|ARM64
		Release|x64 = Release|x64
		Release|x86 = Release|x86
	EndGlobalSection
	GlobalSection(ProjectConfigurationPlatforms) = postSolution
		{BDE75DBA-ADBA-472D-92CC-964878959067}.Debug|ARM64.ActiveCfg = Debug|ARM64
		{BDE75DBA-ADBA-472D-92CC-964878959067}.Debug|ARM64.Build.0 = Debug|ARM64
		{BDE75DBA-ADBA-472D-92CC-964878959067}.Debug|ARM64.Deploy.0 = Debug|ARM64
		{BDE75DBA-ADBA-472D-92CC-964878959067}.Debug|x64.ActiveCfg = Debug|x64
		{BDE75DBA-ADBA-472D-92CC-964878959067}.Debug|x64.Build.0 = Debug|x64
		{BDE75DBA-ADBA-472D-92CC-964878959067}.Debug|x64.Deploy.0 = Debug|x64
		{BDE75DBA-ADBA-472D-92CC-964878959067}.Debug|x86.ActiveCfg = Debug|x86
		{BDE75DBA-ADBA-472D-92CC-964878959067}.Debug|x86.Build.0 = Debug|x86
		{BDE75DBA-ADBA-472D-92CC-964878959067}.Debug|x86.Deploy.0 = Debug|x86
		{BDE75DBA-ADBA-472D-92CC-964878959067}.Release|ARM64.ActiveCfg = Release|ARM64
		{BDE75DBA-ADBA-472D-92CC-964878959067}.Release|ARM64.Build.0 = Release|ARM64
		{BDE75DBA-ADBA-472D-92CC-964878959067}.Release|ARM64.Deploy.0 = Release|ARM64
		{BDE75DBA-ADBA-472D-92CC-964878959067}.Release|x64.ActiveCfg = Release|x64
		{BDE75DBA-ADBA-472D-92CC-964878959067}.Release|x64.Build.0 = Release|x64
		{BDE75DBA-ADBA-472D-92CC-964878959067}.Release|x64.Deploy.0 = Release|x64
		{BDE75DBA-ADBA-472D-92CC-964878959067}.Release|x86.ActiveCfg = Release|x86
		{BDE75DBA-ADBA-472D-92CC-964878959067}.Release|x86.Build.0 = Release|x86
		{BDE75DBA-ADBA-472D-92CC-964878959067}.Release|x86.Deploy.0 = Release|x86
	EndGlobalSection
	GlobalSection(SolutionProperties) = preSolution
		HideSolutionNode = FALSE
	EndGlobalSection
	GlobalSection(ExtensibilityGlobals) = postSolution
		SolutionGuid = {C2860818-8699-442F-9C26-9388AE550BD3}
	EndGlobalSection
EndGlobal
